{
  "version": "5",
  "specifiers": {
    "jsr:@qnd/iws@*": "1.0.1",
    "npm:@qnd/iws@^1.0.1": "1.0.1"
  },
  "jsr": {
    "@qnd/iws@1.0.1": {
      "integrity": "c6181035a366e06428d4ef35dd56b23eef95021bd329112f779e40f5204f303e"
    }
  },
  "npm": {
    "@qnd/iws@1.0.1": {
      "integrity": "sha512-gWSTNpi3iKKLQsMnmL/N0n28J8pYkd3J97WwK9JbT9u1ApuuX8/eNPfgobMJbtQj+8t7Ukd/czjjabmg0GcurA=="
    }
  },
  "workspace": {
    "members": {
      "jsr": {
        "dependencies": [
          "jsr:@qnd/iws@*"
        ]
      },
      "npm": {
        "packageJson": {
          "dependencies": [
            "npm:@qnd/iws@^1.0.1"
          ]
        }
      }
    }
  }
}
